
Microsoft Visual Studio Solution File, Format Version 12.00
# Visual Studio Version 17
VisualStudioVersion = 17.4.33205.214
MinimumVisualStudioVersion = 10.0.40219.1
Project("{FAE04EC0-301F-11D3-BF4B-00C04F79EFBC}") = "Welcome", "Welcome.csproj", "{93647880-545A-4CE8-AC5A-1EDB5A325427}"
EndProject
Global
	GlobalSection(SolutionConfigurationPlatforms) = preSolution
		Debug|Any CPU = Debug|Any CPU
		Release|Any CPU = Release|Any CPU
	EndGlobalSection
	GlobalSection(ProjectConfigurationPlatforms) = postSolution
		{93647880-545A-4CE8-AC5A-1EDB5A325427}.Debug|Any CPU.ActiveCfg = Debug|Any CPU
		{93647880-545A-4CE8-AC5A-1EDB5A325427}.Debug|Any CPU.Build.0 = Debug|Any CPU
		{93647880-545A-4CE8-AC5A-1EDB5A325427}.Release|Any CPU.ActiveCfg = Release|Any CPU
		{93647880-545A-4CE8-AC5A-1EDB5A325427}.Release|Any CPU.Build.0 = Release|Any CPU
	EndGlobalSection
	GlobalSection(SolutionProperties) = preSolution
		HideSolutionNode = FALSE
	EndGlobalSection
	GlobalSection(ExtensibilityGlobals) = postSolution
		SolutionGuid = {B7DCB8C8-463E-4CFA-9DE3-3E33C50CF831}
	EndGlobalSection
EndGlobal
